# THIS IS AN AUTOGENERATED FILE. DO NOT EDIT THIS FILE DIRECTLY.
# yarn lockfile v1


archy@1.0:
  version "1.0.0"
  resolved "http://registry.npm.taobao.org/archy/download/archy-1.0.0.tgz#f9c8c13757cc1dd7bc379ac77b2c62a5c2868c40"
  integrity sha1-+cjBN1fMHde8N5rHeyxipcKGjEA=

backoff@~2.5.0:
  version "2.5.0"
  resolved "http://registry.npm.taobao.org/backoff/download/backoff-2.5.0.tgz#f616eda9d3e4b66b8ca7fca79f695722c5f8e26f"
  integrity sha1-9hbtqdPktmuMp/ynn2lXIsX44m8=
  dependencies:
    precond "0.2"

boom@5.x.x:
  version "5.2.0"
  resolved "http://registry.npm.taobao.org/boom/download/boom-5.2.0.tgz#5dd9da6ee3a5f302077436290cb717d3f4a54e02"
  integrity sha1-XdnabuOl8wIHdDYpDLcX0/SlTgI=
  dependencies:
    hoek "4.x.x"

core-util-is@~1.0.0:
  version "1.0.2"
  resolved "http://registry.npm.taobao.org/core-util-is/download/core-util-is-1.0.2.tgz#b5fd54220aa2bc5ab57aab7140c940754503c1a7"
  integrity sha1-tf1UIgqivFq1eqtxQMlAdUUDwac=

eraro@1.0:
  version "1.0.0"
  resolved "http://registry.npm.taobao.org/eraro/download/eraro-1.0.0.tgz#8a2167f0bc6f964200a2fcde7a386d2d5dbbf912"
  integrity sha1-iiFn8LxvlkIAovzeejhtLV27+RI=
  dependencies:
    lodash "4.17"

gate-executor@1.1:
  version "1.1.1"
  resolved "http://registry.npm.taobao.org/gate-executor/download/gate-executor-1.1.1.tgz#667f677284a0dbe86b6c48a0b4afe8c484812caf"
  integrity sha1-Zn9ncoSg2+hrbEigtK/oxISBLK8=

gex@0.3:
  version "0.3.0"
  resolved "http://registry.npm.taobao.org/gex/download/gex-0.3.0.tgz#217324ccd6e5c61d2485c913eb7614b21358b97f"
  integrity sha1-IXMkzNblxh0khckT63YUshNYuX8=
  dependencies:
    lodash "4.17"

hoek@4.x.x:
  version "4.2.1"
  resolved "http://registry.npm.taobao.org/hoek/download/hoek-4.2.1.tgz#9634502aa12c445dd5a7c5734b572bb8738aacbb"
  integrity sha1-ljRQKqEsRF3Vp8VzS1cruHOKrLs=

inherits@~2.0.3:
  version "2.0.3"
  resolved "http://registry.npm.taobao.org/inherits/download/inherits-2.0.3.tgz#633c2c83e3da42a502f52466022480f4208261de"
  integrity sha1-Yzwsg+PaQqUC9SRmAiSA9CCCYd4=

isarray@~1.0.0:
  version "1.0.0"
  resolved "http://registry.npm.taobao.org/isarray/download/isarray-1.0.0.tgz#bb935d48582cba168c06834957a54a3e07124f11"
  integrity sha1-u5NdSFgsuhaMBoNJV6VKPgcSTxE=

json-stringify-safe@5.0, json-stringify-safe@^5.0.1:
  version "5.0.1"
  resolved "http://registry.npm.taobao.org/json-stringify-safe/download/json-stringify-safe-5.0.1.tgz#1296a2d58fd45f19a0f6ce01d65701e2c735b6eb"
  integrity sha1-Epai1Y/UXxmg9s4B1lcB4sc1tus=

jsonic@0.3:
  version "0.3.1"
  resolved "http://registry.npm.taobao.org/jsonic/download/jsonic-0.3.1.tgz#da306185dc635b649ad934e3f6826188cad73bdb"
  integrity sha1-2jBhhdxjW2Sa2TTj9oJhiMrXO9s=

lodash@4.17:
  version "4.17.11"
  resolved "http://registry.npm.taobao.org/lodash/download/lodash-4.17.11.tgz#b39ea6229ef607ecd89e2c8df12536891cac9b8d"
  integrity sha1-s56mIp72B+zYniyN8SU2iRysm40=

lru-cache@4.1:
  version "4.1.3"
  resolved "http://registry.npm.taobao.org/lru-cache/download/lru-cache-4.1.3.tgz#a1175cf3496dfc8436c156c334b4955992bce69c"
  integrity sha1-oRdc80lt/IQ2wVbDNLSVWZK85pw=
  dependencies:
    pseudomap "^1.0.2"
    yallist "^2.1.2"

minimist@1.2, minimist@^1.2.0:
  version "1.2.0"
  resolved "http://registry.npm.taobao.org/minimist/download/minimist-1.2.0.tgz#a35008b20f41383eec1fb914f4cd5df79a264284"
  integrity sha1-o1AIsg9BOD7sH7kU9M1d95omQoQ=

ndjson@1.5:
  version "1.5.0"
  resolved "http://registry.npm.taobao.org/ndjson/download/ndjson-1.5.0.tgz#ae603b36b134bcec347b452422b0bf98d5832ec8"
  integrity sha1-rmA7NrE0vOw0e0UkIrC/mNWDLsg=
  dependencies:
    json-stringify-safe "^5.0.1"
    minimist "^1.2.0"
    split2 "^2.1.0"
    through2 "^2.0.3"

nid@0.3:
  version "0.3.2"
  resolved "http://registry.npm.taobao.org/nid/download/nid-0.3.2.tgz#977a9318ed5c2a38edd66263f3eafd8143f2251a"
  integrity sha1-l3qTGO1cKjjt1mJj8+r9gUPyJRo=

norma@0.4:
  version "0.4.1"
  resolved "http://registry.npm.taobao.org/norma/download/norma-0.4.1.tgz#0be2f05bba4c034c6ce5bac9844e1241699d6585"
  integrity sha1-C+LwW7pMA0xs5brJhE4SQWmdZYU=
  dependencies:
    eraro "1.0"
    lodash "4.17"

ordu@0.1:
  version "0.1.1"
  resolved "http://registry.npm.taobao.org/ordu/download/ordu-0.1.1.tgz#9c8109493693caf08299fca84c596aeb860baeaa"
  integrity sha1-nIEJSTaTyvCCmfyoTFlq64YLrqo=

patrun@1.0:
  version "1.0.0"
  resolved "http://registry.npm.taobao.org/patrun/download/patrun-1.0.0.tgz#c50a2174e3e02afe7fbc35d16e658d21c66a1e66"
  integrity sha1-xQohdOPgKv5/vDXRbmWNIcZqHmY=
  dependencies:
    gex "0.3"
    lodash "4.17"

precond@0.2:
  version "0.2.3"
  resolved "http://registry.npm.taobao.org/precond/download/precond-0.2.3.tgz#aa9591bcaa24923f1e0f4849d240f47efc1075ac"
  integrity sha1-qpWRvKokkj8eD0hJ0kD0fvwQdaw=

process-nextick-args@~2.0.0:
  version "2.0.0"
  resolved "http://registry.npm.taobao.org/process-nextick-args/download/process-nextick-args-2.0.0.tgz#a37d732f4271b4ab1ad070d35508e8290788ffaa"
  integrity sha1-o31zL0JxtKsa0HDTVQjoKQeI/6o=

pseudomap@^1.0.2:
  version "1.0.2"
  resolved "http://registry.npm.taobao.org/pseudomap/download/pseudomap-1.0.2.tgz#f052a28da70e618917ef0a8ac34c1ae5a68286b3"
  integrity sha1-8FKijacOYYkX7wqKw0wa5aaChrM=

qs@6.5:
  version "6.5.2"
  resolved "http://registry.npm.taobao.org/qs/download/qs-6.5.2.tgz#cb3ae806e8740444584ef154ce8ee98d403f3e36"
  integrity sha1-yzroBuh0BERYTvFUzo7pjUA/PjY=

readable-stream@~2.3.6:
  version "2.3.6"
  resolved "http://registry.npm.taobao.org/readable-stream/download/readable-stream-2.3.6.tgz#b11c27d88b8ff1fbe070643cf94b0c79ae1b0aaf"
  integrity sha1-sRwn2IuP8fvgcGQ8+UsMea4bCq8=
  dependencies:
    core-util-is "~1.0.0"
    inherits "~2.0.3"
    isarray "~1.0.0"
    process-nextick-args "~2.0.0"
    safe-buffer "~5.1.1"
    string_decoder "~1.1.1"
    util-deprecate "~1.0.1"

reconnect-core@1.3:
  version "1.3.0"
  resolved "http://registry.npm.taobao.org/reconnect-core/download/reconnect-core-1.3.0.tgz#fbae52919a7877d844e3246d01a2f26701c833c8"
  integrity sha1-+65SkZp4d9hE4yRtAaLyZwHIM8g=
  dependencies:
    backoff "~2.5.0"

rolling-stats@0.1:
  version "0.1.1"
  resolved "http://registry.npm.taobao.org/rolling-stats/download/rolling-stats-0.1.1.tgz#cd5af774a8893b30a674832fa2f4abaa478cfc80"
  integrity sha1-zVr3dKiJOzCmdIMvovSrqkeM/IA=

safe-buffer@~5.1.0, safe-buffer@~5.1.1:
  version "5.1.2"
  resolved "http://registry.npm.taobao.org/safe-buffer/download/safe-buffer-5.1.2.tgz#991ec69d296e0313747d59bdfd2b745c35f8828d"
  integrity sha1-mR7GnSluAxN0fVm9/St0XDX4go0=

semver@5.5:
  version "5.5.1"
  resolved "http://registry.npm.taobao.org/semver/download/semver-5.5.1.tgz#7dfdd8814bdb7cabc7be0fb1d734cfb66c940477"
  integrity sha1-ff3YgUvbfKvHvg+x1zTPtmyUBHc=

seneca-transport@2.3:
  version "2.3.0"
  resolved "http://registry.npm.taobao.org/seneca-transport/download/seneca-transport-2.3.0.tgz#f392ad66b927cb32e695df161332abb11b4d7410"
  integrity sha1-85KtZrknyzLmld8WEzKrsRtNdBA=
  dependencies:
    eraro "1.0"
    gex "0.3"
    jsonic "0.3"
    lodash "4.17"
    lru-cache "4.1"
    ndjson "1.5"
    nid "0.3"
    patrun "1.0"
    qs "6.5"
    reconnect-core "1.3"
    wreck "12.5"

seneca@^3.7.0:
  version "3.7.0"
  resolved "http://registry.npm.taobao.org/seneca/download/seneca-3.7.0.tgz#1da63bf4520dc818dd8794a00a161f8b71969bd3"
  integrity sha1-HaY79FINyBjdh5SgChYfi3GWm9M=
  dependencies:
    archy "1.0"
    eraro "1.0"
    gate-executor "1.1"
    gex "0.3"
    json-stringify-safe "5.0"
    jsonic "0.3"
    lodash "4.17"
    minimist "1.2"
    nid "0.3"
    norma "0.4"
    ordu "0.1"
    patrun "1.0"
    qs "6.5"
    rolling-stats "0.1"
    semver "5.5"
    seneca-transport "2.3"
    use-plugin "1.0"
    wreck "12.5"

split2@^2.1.0:
  version "2.2.0"
  resolved "http://registry.npm.taobao.org/split2/download/split2-2.2.0.tgz#186b2575bcf83e85b7d18465756238ee4ee42493"
  integrity sha1-GGsldbz4PoW30YRldWI47k7kJJM=
  dependencies:
    through2 "^2.0.2"

string_decoder@~1.1.1:
  version "1.1.1"
  resolved "http://registry.npm.taobao.org/string_decoder/download/string_decoder-1.1.1.tgz#9cf1611ba62685d7030ae9e4ba34149c3af03fc8"
  integrity sha1-nPFhG6YmhdcDCunkujQUnDrwP8g=
  dependencies:
    safe-buffer "~5.1.0"

through2@^2.0.2, through2@^2.0.3:
  version "2.0.5"
  resolved "http://registry.npm.taobao.org/through2/download/through2-2.0.5.tgz#01c1e39eb31d07cb7d03a96a70823260b23132cd"
  integrity sha1-AcHjnrMdB8t9A6lqcIIyYLIxMs0=
  dependencies:
    readable-stream "~2.3.6"
    xtend "~4.0.1"

use-plugin@1.0:
  version "1.0.2"
  resolved "http://registry.npm.taobao.org/use-plugin/download/use-plugin-1.0.2.tgz#92e4e6d9ab03b69031093a6786459dc08791d436"
  integrity sha1-kuTm2asDtpAxCTpnhkWdwIeR1DY=
  dependencies:
    eraro "1.0"
    nid "0.3"
    norma "0.4"

util-deprecate@~1.0.1:
  version "1.0.2"
  resolved "http://registry.npm.taobao.org/util-deprecate/download/util-deprecate-1.0.2.tgz#450d4dc9fa70de732762fbd2d4a28981419a0ccf"
  integrity sha1-RQ1Nyfpw3nMnYvvS1KKJgUGaDM8=

wreck@12.5:
  version "12.5.1"
  resolved "http://registry.npm.taobao.org/wreck/download/wreck-12.5.1.tgz#cd2ffce167449e1f0242ed9cf80552e20fb6902a"
  integrity sha1-zS/84WdEnh8CQu2c+AVS4g+2kCo=
  dependencies:
    boom "5.x.x"
    hoek "4.x.x"

xtend@~4.0.1:
  version "4.0.1"
  resolved "http://registry.npm.taobao.org/xtend/download/xtend-4.0.1.tgz#a5c6d532be656e23db820efb943a1f04998d63af"
  integrity sha1-pcbVMr5lbiPbgg77lDofBJmNY68=

yallist@^2.1.2:
  version "2.1.2"
  resolved "http://registry.npm.taobao.org/yallist/download/yallist-2.1.2.tgz#1c11f9218f076089a47dd512f93c6699a6a81d52"
  integrity sha1-HBH5IY8HYImkfdUS+TxmmaaoHVI=
